# THIS IS AN AUTOGENERATED FILE. DO NOT EDIT THIS FILE DIRECTLY.
# yarn lockfile v1


dotenv@^8.2.0:
  version "8.2.0"
  resolved "https://registry.yarnpkg.com/dotenv/-/dotenv-8.2.0.tgz#97e619259ada750eea3e4ea3e26bceea5424b16a"
  integrity sha512-8sJ78ElpbDJBHNeBzUbUVLsqKdccaa/BXF1uPTw3GrvQTBgrQrtObr2mUrE38vzYd8cEv+m/JBfDLioYcfXoaw==

emailjs-addressparser@^2.0.2:
  version "2.0.2"
  resolved "https://registry.yarnpkg.com/emailjs-addressparser/-/emailjs-addressparser-2.0.2.tgz#fa8e6ff989667da8ae41d7316a7dfe6abe3c9d51"
  integrity sha512-E6ztFf1ePtZEwqfN3aWsvZNcpBeDqgJbVL4D32dckHkcwdhJ1bhlE4MLvHBf/IoXQmJBgkKlwGP5/5l11EE5OQ==

emailjs-base64@^1.1.2, emailjs-base64@^1.1.4:
  version "1.1.4"
  resolved "https://registry.yarnpkg.com/emailjs-base64/-/emailjs-base64-1.1.4.tgz#392fa38cb6aa35dccd3af3637ffc14c1c7ce9612"
  integrity sha512-4h0xp1jgVTnIQBHxSJWXWanNnmuc5o+k4aHEpcLXSToN8asjB5qbXAexs7+PEsUKcEyBteNYsSvXUndYT2CGGA==

emailjs-imap-client@^3.1.0:
  version "3.1.0"
  resolved "https://registry.yarnpkg.com/emailjs-imap-client/-/emailjs-imap-client-3.1.0.tgz#fd0486f0d3a679f2ac0b1ea0e7dd6e777c479da1"
  integrity sha512-YgWOmzxuD2/fGRL+VKDGt+nszHrUlz2BmD+gfM3+aeCzFF+Y+ayShylXl70rURRQ6a0TdEKp2Ty+kJB9d/lGJw==
  dependencies:
    emailjs-addressparser "^2.0.2"
    emailjs-base64 "^1.1.4"
    emailjs-imap-handler "^3.0.2"
    emailjs-mime-codec "^2.0.8"
    emailjs-tcp-socket "^2.0.2"
    emailjs-utf7 "^4.0.1"
    pako "^1.0.10"
    ramda "^0.26.1"

emailjs-imap-handler@^3.0.2:
  version "3.0.2"
  resolved "https://registry.yarnpkg.com/emailjs-imap-handler/-/emailjs-imap-handler-3.0.2.tgz#ab4e6d58ffa46b1cc0f20e14ca8b093b69cda136"
  integrity sha512-hngAGSBVyWYjX8iEWv7rB5xvxR4h+7FCU4HUATTvqE9ALOaeEQ+j9ul9qwR9voR7EUJDzkafu3FFa72A0gnJpg==
  dependencies:
    ramda "^0.25.0"

emailjs-mime-codec@^2.0.8:
  version "2.0.9"
  resolved "https://registry.yarnpkg.com/emailjs-mime-codec/-/emailjs-mime-codec-2.0.9.tgz#d184451b6f2e55c5868b0f0a82d18fe2b82f0c97"
  integrity sha512-7qJo4pFGcKlWh/kCeNjmcgj34YoJWY0ekZXEHYtluWg4MVBnXqGM4CRMtZQkfYwitOhUgaKN5EQktJddi/YIDQ==
  dependencies:
    emailjs-base64 "^1.1.4"
    ramda "^0.26.1"
    text-encoding "^0.7.0"

emailjs-tcp-socket@^2.0.2:
  version "2.0.2"
  resolved "https://registry.yarnpkg.com/emailjs-tcp-socket/-/emailjs-tcp-socket-2.0.2.tgz#e89be8d331b5ab5dddca47428e5f64c1ac5154f4"
  integrity sha512-ro2G1WS7UQwFNpjrWRK6awjsBjG00Y4AxSEvuG1YUORzIqnzdOUVmaHnptZ8UFDPYglsu8O4nm6+luflmTy3Qg==
  dependencies:
    node-forge "^0.7.5"
    ramda "^0.25.0"

emailjs-utf7@^4.0.1:
  version "4.0.1"
  resolved "https://registry.yarnpkg.com/emailjs-utf7/-/emailjs-utf7-4.0.1.tgz#ca6bad6b409605d11b4108d8785c70e42644f4b9"
  integrity sha512-bvBpXUEr3alogZjqwVasCKSjfzxleQ1TeO9NBtG4FvS2nfQDvzSW2gqEU0VcZJ6hD/xGl5j0kZiGegPHvgVyww==
  dependencies:
    emailjs-base64 "^1.1.2"

node-forge@^0.7.5:
  version "0.7.6"
  resolved "https://registry.yarnpkg.com/node-forge/-/node-forge-0.7.6.tgz#fdf3b418aee1f94f0ef642cd63486c77ca9724ac"
  integrity sha512-sol30LUpz1jQFBjOKwbjxijiE3b6pjd74YwfD0fJOKPjF+fONKb2Yg8rYgS6+bK6VDl+/wfr4IYpC7jDzLUIfw==

pako@^1.0.10:
  version "1.0.11"
  resolved "https://registry.yarnpkg.com/pako/-/pako-1.0.11.tgz#6c9599d340d54dfd3946380252a35705a6b992bf"
  integrity sha512-4hLB8Py4zZce5s4yd9XzopqwVv/yGNhV1Bl8NTmCq1763HeK2+EwVTv+leGeL13Dnh2wfbqowVPXCIO0z4taYw==

ramda@^0.25.0:
  version "0.25.0"
  resolved "https://registry.yarnpkg.com/ramda/-/ramda-0.25.0.tgz#8fdf68231cffa90bc2f9460390a0cb74a29b29a9"
  integrity sha512-GXpfrYVPwx3K7RQ6aYT8KPS8XViSXUVJT1ONhoKPE9VAleW42YE+U+8VEyGWt41EnEQW7gwecYJriTI0pKoecQ==

ramda@^0.26.1:
  version "0.26.1"
  resolved "https://registry.yarnpkg.com/ramda/-/ramda-0.26.1.tgz#8d41351eb8111c55353617fc3bbffad8e4d35d06"
  integrity sha512-hLWjpy7EnsDBb0p+Z3B7rPi3GDeRG5ZtiI33kJhTt+ORCd38AbAIjB/9zRIUoeTbE/AVX5ZkU7m6bznsvrf8eQ==

text-encoding@^0.7.0:
  version "0.7.0"
  resolved "https://registry.yarnpkg.com/text-encoding/-/text-encoding-0.7.0.tgz#f895e836e45990624086601798ea98e8f36ee643"
  integrity sha512-oJQ3f1hrOnbRLOcwKz0Liq2IcrvDeZRHXhd9RgLrsT+DjWY/nty1Hi7v3dtkaEYbPYe0mUoOfzRrMwfXXwgPUA==
